# This file is autogenerated, do not edit; changes may be undone by the next 'dep ensure'.


[[projects]]
  name = "github.com/chzyer/readline"
  packages = ["."]
  revision = "62c6fe6193755f722b8b8788aa7357be55a50ff1"
  version = "v1.4"

[[projects]]
  branch = "master"
  name = "github.com/google/pprof"
  packages = ["driver","internal/binutils","internal/driver","internal/elfexec","internal/graph","internal/measurement","internal/plugin","internal/report","internal/symbolizer","internal/symbolz","profile","third_party/svg"]
  revision = "1b8137e88907127c25b226f856452f42d08ec336"

[[projects]]
  branch = "master"
  name = "github.com/ianlancetaylor/demangle"
  packages = ["."]
  revision = "4883227f66371e02c4948937d3e2be1664d9be38"

[solve-meta]
  analyzer-name = "dep"
  analyzer-version = 1
  inputs-digest = "ac62178c1882e1ce15e375b7922c30e954534de7c416bf18ccd39e193473d32d"
  solver-name = "gps-cdcl"
  solver-version = 1
